// !$*UTF8*$!
{
	archiveVersion = 1;
	classes = {
	};
	objectVersion = 46;
	objects = {

/* Begin PBXBuildFile section */
		E284AFD91DE50A2D0058C4BA /* AppDelegate.swift in Sources */ = {isa = PBXBuildFile; fileRef = E284AFD81DE50A2D0058C4BA /* AppDelegate.swift */; };
		E284AFDB1DE50A2D0058C4BA /* ViewController.swift in Sources */ = {isa = PBXBuildFile; fileRef = E284AFDA1DE50A2D0058C4BA /* ViewController.swift */; };
		E284AFDE1DE50A2D0058C4BA /* Main.storyboard in Resources */ = {isa = PBXBuildFile; fileRef = E284AFDC1DE50A2D0058C4BA /* Main.storyboard */; };
		E284AFE01DE50A2D0058C4BA /* Assets.xcassets in Resources */ = {isa = PBXBuildFile; fileRef = E284AFDF1DE50A2D0058C4BA /* Assets.xcassets */; };
		E284AFE31DE50A2D0058C4BA /* LaunchScreen.storyboard in Resources */ = {isa = PBXBuildFile; fileRef = E284AFE11DE50A2D0058C4BA /* LaunchScreen.storyboard */; };
		E284AFEE1DE50A2D0058C4BA /* SampleTests.swift in Sources */ = {isa = PBXBuildFile; fileRef = E284AFED1DE50A2D0058C4BA /* SampleTests.swift */; };
		E284AFF91DE50A2D0058C4BA /* SampleUITests.swift in Sources */ = {isa = PBXBuildFile; fileRef = E284AFF81DE50A2D0058C4BA /* SampleUITests.swift */; };
/* End PBXBuildFile section */

/* Begin PBXContainerItemProxy section */
		E284AFEA1DE50A2D0058C4BA /* PBXContainerItemProxy */ = {
			isa = PBXContainerItemProxy;
			containerPortal = E284AFCD1DE50A2C0058C4BA /* Project object */;
			proxyType = 1;
			remoteGlobalIDString = E284AFD41DE50A2C0058C4BA;
			remoteInfo = Sample;
		};
		E284AFF51DE50A2D0058C4BA /* PBXContainerItemProxy */ = {
			isa = PBXContainerItemProxy;
			containerPortal = E284AFCD1DE50A2C0058C4BA /* Project object */;
			proxyType = 1;
			remoteGlobalIDString = E284AFD41DE50A2C0058C4BA;
			remoteInfo = Sample;
		};
/* End PBXContainerItemProxy section */

/* Begin PBXFileReference section */
		E284AFD51DE50A2C0058C4BA /* Sample.app */ = {isa = PBXFileReference; explicitFileType = wrapper.application; includeInIndex = 0; path = Sample.app; sourceTree = BUILT_PRODUCTS_DIR; };
		E284AFD81DE50A2D0058C4BA /* AppDelegate.swift */ = {isa = PBXFileReference; lastKnownFileType = sourcecode.swift; path = AppDelegate.swift; sourceTree = "<group>"; };
		E284AFDA1DE50A2D0058C4BA /* ViewController.swift */ = {isa = PBXFileReference; lastKnownFileType = sourcecode.swift; path = ViewController.swift; sourceTree = "<group>"; };
		E284AFDD1DE50A2D0058C4BA /* Base */ = {isa = PBXFileReference; lastKnownFileType = file.storyboard; name = Base; path = Base.lproj/Main.storyboard; sourceTree = "<group>"; };
		E284AFDF1DE50A2D0058C4BA /* Assets.xcassets */ = {isa = PBXFileReference; lastKnownFileType = folder.assetcatalog; path = Assets.xcassets; sourceTree = "<group>"; };
		E284AFE21DE50A2D0058C4BA /* Base */ = {isa = PBXFileReference; lastKnownFileType = file.storyboard; name = Base; path = Base.lproj/LaunchScreen.storyboard; sourceTree = "<group>"; };
		E284AFE41DE50A2D0058C4BA /* Info.plist */ = {isa = PBXFileReference; lastKnownFileType = text.plist.xml; path = Info.plist; sourceTree = "<group>"; };
		E284AFE91DE50A2D0058C4BA /* SampleTests.xctest */ = {isa = PBXFileReference; explicitFileType = wrapper.cfbundle; includeInIndex = 0; path = SampleTests.xctest; sourceTree = BUILT_PRODUCTS_DIR; };
		E284AFED1DE50A2D0058C4BA /* SampleTests.swift */ = {isa = PBXFileReference; lastKnownFileType = sourcecode.swift; path = SampleTests.swift; sourceTree = "<group>"; };
		E284AFEF1DE50A2D0058C4BA /* Info.plist */ = {isa = PBXFileReference; lastKnownFileType = text.plist.xml; path = Info.plist; sourceTree = "<group>"; };
		E284AFF41DE50A2D0058C4BA /* SampleUITests.xctest */ = {isa = PBXFileReference; explicitFileType = wrapper.cfbundle; includeInIndex = 0; path = SampleUITests.xctest; sourceTree = BUILT_PRODUCTS_DIR; };
		E284AFF81DE50A2D0058C4BA /* SampleUITests.swift */ = {isa = PBXFileReference; lastKnownFileType = sourcecode.swift; path = SampleUITests.swift; sourceTree = "<group>"; };
		E284AFFA1DE50A2D0058C4BA /* Info.plist */ = {isa = PBXFileReference; lastKnownFileType = text.plist.xml; path = Info.plist; sourceTree = "<group>"; };
/* End PBXFileReference section */

/* Begin PBXFrameworksBuildPhase section */
		E284AFD21DE50A2C0058C4BA /* Frameworks */ = {
			isa = PBXFrameworksBuildPhase;
			buildActionMask = 2147483647;
			files = (
			);
			runOnlyForDeploymentPostprocessing = 0;
		};
		E284AFE61DE50A2D0058C4BA /* Frameworks */ = {
			isa = PBXFrameworksBuildPhase;
			buildActionMask = 2147483647;
			files = (
			);
			runOnlyForDeploymentPostprocessing = 0;
		};
		E284AFF11DE50A2D0058C4BA /* Frameworks */ = {
			isa = PBXFrameworksBuildPhase;
			buildActionMask = 2147483647;
			files = (
			);
			runOnlyForDeploymentPostprocessing = 0;
		};
/* End PBXFrameworksBuildPhase section */

/* Begin PBXGroup section */
		E284AFCC1DE50A2C0058C4BA = {
			isa = PBXGroup;
			children = (
				E284AFD71DE50A2C0058C4BA /* Sample */,
				E284AFEC1DE50A2D0058C4BA /* SampleTests */,
				E284AFF71DE50A2D0058C4BA /* SampleUITests */,
				E284AFD61DE50A2C0058C4BA /* Products */,
			);
			sourceTree = "<group>";
		};
		E284AFD61DE50A2C0058C4BA /* Products */ = {
			isa = PBXGroup;
			children = (
				E284AFD51DE50A2C0058C4BA /* Sample.app */,
				E284AFE91DE50A2D0058C4BA /* SampleTests.xctest */,
				E284AFF41DE50A2D0058C4BA /* SampleUITests.xctest */,
			);
			name = Products;
			sourceTree = "<group>";
		};
		E284AFD71DE50A2C0058C4BA /* Sample */ = {
			isa = PBXGroup;
			children = (
				E284AFD81DE50A2D0058C4BA /* AppDelegate.swift */,
				E284AFDA1DE50A2D0058C4BA /* ViewController.swift */,
				E284AFDC1DE50A2D0058C4BA /* Main.storyboard */,
				E284AFDF1DE50A2D0058C4BA /* Assets.xcassets */,
				E284AFE11DE50A2D0058C4BA /* LaunchScreen.storyboard */,
				E284AFE41DE50A2D0058C4BA /* Info.plist */,
			);
			path = Sample;
			sourceTree = "<group>";
		};
		E284AFEC1DE50A2D0058C4BA /* SampleTests */ = {
			isa = PBXGroup;
			children = (
				E284AFED1DE50A2D0058C4BA /* SampleTests.swift */,
				E284AFEF1DE50A2D0058C4BA /* Info.plist */,
			);
			path = SampleTests;
			sourceTree = "<group>";
		};
		E284AFF71DE50A2D0058C4BA /* SampleUITests */ = {
			isa = PBXGroup;
			children = (
				E284AFF81DE50A2D0058C4BA /* SampleUITests.swift */,
				E284AFFA1DE50A2D0058C4BA /* Info.plist */,
			);
			path = SampleUITests;
			sourceTree = "<group>";
		};
/* End PBXGroup section */

/* Begin PBXNativeTarget section */
		E284AFD41DE50A2C0058C4BA /* Sample */ = {
			isa = PBXNativeTarget;
			buildConfigurationList = E284AFFD1DE50A2D0058C4BA /* Build configuration list for PBXNativeTarget "Sample" */;
			buildPhases = (
				E284AFD11DE50A2C0058C4BA /* Sources */,
				E284AFD21DE50A2C0058C4BA /* Frameworks */,
				E284AFD31DE50A2C0058C4BA /* Resources */,
			);
			buildRules = (
			);
			dependencies = (
			);
			name = Sample;
			productName = Sample;
			productReference = E284AFD51DE50A2C0058C4BA /* Sample.app */;
			productType = "com.apple.product-type.application";
		};
		E284AFE81DE50A2D0058C4BA /* SampleTests */ = {
			isa = PBXNativeTarget;
			buildConfigurationList = E284B0001DE50A2D0058C4BA /* Build configuration list for PBXNativeTarget "SampleTests" */;
			buildPhases = (
				E284AFE51DE50A2D0058C4BA /* Sources */,
				E284AFE61DE50A2D0058C4BA /* Frameworks */,
				E284AFE71DE50A2D0058C4BA /* Resources */,
			);
			buildRules = (
			);
			dependencies = (
				E284AFEB1DE50A2D0058C4BA /* PBXTargetDependency */,
			);
			name = SampleTests;
			productName = SampleTests;
			productReference = E284AFE91DE50A2D0058C4BA /* SampleTests.xctest */;
			productType = "com.apple.product-type.bundle.unit-test";
		};
		E284AFF31DE50A2D0058C4BA /* SampleUITests */ = {
			isa = PBXNativeTarget;
			buildConfigurationList = E284B0031DE50A2D0058C4BA /* Build configuration list for PBXNativeTarget "SampleUITests" */;
			buildPhases = (
				E284AFF01DE50A2D0058C4BA /* Sources */,
				E284AFF11DE50A2D0058C4BA /* Frameworks */,
				E284AFF21DE50A2D0058C4BA /* Resources */,
			);
			buildRules = (
			);
			dependencies = (
				E284AFF61DE50A2D0058C4BA /* PBXTargetDependency */,
			);
			name = SampleUITests;
			productName = SampleUITests;
			productReference = E284AFF41DE50A2D0058C4BA /* SampleUITests.xctest */;
			productType = "com.apple.product-type.bundle.ui-testing";
		};
/* End PBXNativeTarget section */

/* Begin PBXProject section */
		E284AFCD1DE50A2C0058C4BA /* Project object */ = {
			isa = PBXProject;
			attributes = {
				LastSwiftUpdateCheck = 0810;
				LastUpgradeCheck = 0810;
				ORGANIZATIONNAME = "Erin Carlblom";
				TargetAttributes = {
					E284AFD41DE50A2C0058C4BA = {
						CreatedOnToolsVersion = 8.1;
						ProvisioningStyle = Automatic;
					};
					E284AFE81DE50A2D0058C4BA = {
						CreatedOnToolsVersion = 8.1;
						ProvisioningStyle = Automatic;
						TestTargetID = E284AFD41DE50A2C0058C4BA;
					};
					E284AFF31DE50A2D0058C4BA = {
						CreatedOnToolsVersion = 8.1;
						ProvisioningStyle = Automatic;
						TestTargetID = E284AFD41DE50A2C0058C4BA;
					};
				};
			};
			buildConfigurationList = E284AFD01DE50A2C0058C4BA /* Build configuration list for PBXProject "Sample" */;
			compatibilityVersion = "Xcode 3.2";
			developmentRegion = English;
			hasScannedForEncodings = 0;
			knownRegions = (
				en,
				Base,
			);
			mainGroup = E284AFCC1DE50A2C0058C4BA;
			productRefGroup = E284AFD61DE50A2C0058C4BA /* Products */;
			projectDirPath = "";
			projectRoot = "";
			targets = (
				E284AFD41DE50A2C0058C4BA /* Sample */,
				E284AFE81DE50A2D0058C4BA /* SampleTests */,
				E284AFF31DE50A2D0058C4BA /* SampleUITests */,
			);
		};
/* End PBXProject section */

/* Begin PBXResourcesBuildPhase section */
		E284AFD31DE50A2C0058C4BA /* Resources */ = {
			isa = PBXResourcesBuildPhase;
			buildActionMask = 2147483647;
			files = (
				E284AFE31DE50A2D0058C4BA /* LaunchScreen.storyboard in Resources */,
				E284AFE01DE50A2D0058C4BA /* Assets.xcassets in Resources */,
				E284AFDE1DE50A2D0058C4BA /* Main.storyboard in Resources */,
			);
			runOnlyForDeploymentPostprocessing = 0;
		};
		E284AFE71DE50A2D0058C4BA /* Resources */ = {
			isa = PBXResourcesBuildPhase;
			buildActionMask = 2147483647;
			files = (
			);
			runOnlyForDeploymentPostprocessing = 0;
		};
		E284AFF21DE50A2D0058C4BA /* Resources */ = {
			isa = PBXResourcesBuildPhase;
			buildActionMask = 2147483647;
			files = (
			);
			runOnlyForDeploymentPostprocessing = 0;
		};
/* End PBXResourcesBuildPhase section */

/* Begin PBXSourcesBuildPhase section */
		E284AFD11DE50A2C0058C4BA /* Sources */ = {
			isa = PBXSourcesBuildPhase;
			buildActionMask = 2147483647;
			files = (
				E284AFDB1DE50A2D0058C4BA /* ViewController.swift in Sources */,
				E284AFD91DE50A2D0058C4BA /* AppDelegate.swift in Sources */,
			);
			runOnlyForDeploymentPostprocessing = 0;
		};
		E284AFE51DE50A2D0058C4BA /* Sources */ = {
			isa = PBXSourcesBuildPhase;
			buildActionMask = 2147483647;
			files = (
				E284AFEE1DE50A2D0058C4BA /* SampleTests.swift in Sources */,
			);
			runOnlyForDeploymentPostprocessing = 0;
		};
		E284AFF01DE50A2D0058C4BA /* Sources */ = {
			isa = PBXSourcesBuildPhase;
			buildActionMask = 2147483647;
			files = (
				E284AFF91DE50A2D0058C4BA /* SampleUITests.swift in Sources */,
			);
			runOnlyForDeploymentPostprocessing = 0;
		};
/* End PBXSourcesBuildPhase section */

/* Begin PBXTargetDependency section */
		E284AFEB1DE50A2D0058C4BA /* PBXTargetDependency */ = {
			isa = PBXTargetDependency;
			target = E284AFD41DE50A2C0058C4BA /* Sample */;
			targetProxy = E284AFEA1DE50A2D0058C4BA /* PBXContainerItemProxy */;
		};
		E284AFF61DE50A2D0058C4BA /* PBXTargetDependency */ = {
			isa = PBXTargetDependency;
			target = E284AFD41DE50A2C0058C4BA /* Sample */;
			targetProxy = E284AFF51DE50A2D0058C4BA /* PBXContainerItemProxy */;
		};
/* End PBXTargetDependency section */

/* Begin PBXVariantGroup section */
		E284AFDC1DE50A2D0058C4BA /* Main.storyboard */ = {
			isa = PBXVariantGroup;
			children = (
				E284AFDD1DE50A2D0058C4BA /* Base */,
			);
			name = Main.storyboard;
			sourceTree = "<group>";
		};
		E284AFE11DE50A2D0058C4BA /* LaunchScreen.storyboard */ = {
			isa = PBXVariantGroup;
			children = (
				E284AFE21DE50A2D0058C4BA /* Base */,
			);
			name = LaunchScreen.storyboard;
			sourceTree = "<group>";
		};
/* End PBXVariantGroup section */

/* Begin XCBuildConfiguration section */
		E284AFFB1DE50A2D0058C4BA /* Debug */ = {
			isa = XCBuildConfiguration;
			buildSettings = {
				ALWAYS_SEARCH_USER_PATHS = NO;
				CLANG_ANALYZER_NONNULL = YES;
				CLANG_CXX_LANGUAGE_STANDARD = "gnu++0x";
				CLANG_CXX_LIBRARY = "libc++";
				CLANG_ENABLE_MODULES = YES;
				CLANG_ENABLE_OBJC_ARC = YES;
				CLANG_WARN_BOOL_CONVERSION = YES;
				CLANG_WARN_CONSTANT_CONVERSION = YES;
				CLANG_WARN_DIRECT_OBJC_ISA_USAGE = YES_ERROR;
				CLANG_WARN_DOCUMENTATION_COMMENTS = YES;
				CLANG_WARN_EMPTY_BODY = YES;
				CLANG_WARN_ENUM_CONVERSION = YES;
				CLANG_WARN_INFINITE_RECURSION = YES;
				CLANG_WARN_INT_CONVERSION = YES;
				CLANG_WARN_OBJC_ROOT_CLASS = YES_ERROR;
				CLANG_WARN_SUSPICIOUS_MOVES = YES;
				CLANG_WARN_UNREACHABLE_CODE = YES;
				CLANG_WARN__DUPLICATE_METHOD_MATCH = YES;
				"CODE_SIGN_IDENTITY[sdk=iphoneos*]" = "iPhone Developer";
				COPY_PHASE_STRIP = NO;
				DEBUG_INFORMATION_FORMAT = dwarf;
				ENABLE_STRICT_OBJC_MSGSEND = YES;
				ENABLE_TESTABILITY = YES;
				GCC_C_LANGUAGE_STANDARD = gnu99;
				GCC_DYNAMIC_NO_PIC = NO;
				GCC_NO_COMMON_BLOCKS = YES;
				GCC_OPTIMIZATION_LEVEL = 0;
				GCC_PREPROCESSOR_DEFINITIONS = (
					"DEBUG=1",
					"$(inherited)",
				);
				GCC_WARN_64_TO_32_BIT_CONVERSION = YES;
				GCC_WARN_ABOUT_RETURN_TYPE = YES_ERROR;
				GCC_WARN_UNDECLARED_SELECTOR = YES;
				GCC_WARN_UNINITIALIZED_AUTOS = YES_AGGRESSIVE;
				GCC_WARN_UNUSED_FUNCTION = YES;
				GCC_WARN_UNUSED_VARIABLE = YES;
				IPHONEOS_DEPLOYMENT_TARGET = 10.1;
				MTL_ENABLE_DEBUG_INFO = YES;
				ONLY_ACTIVE_ARCH = YES;
				SDKROOT = iphoneos;
				SWIFT_ACTIVE_COMPILATION_CONDITIONS = DEBUG;
				SWIFT_OPTIMIZATION_LEVEL = "-Onone";
				TARGETED_DEVICE_FAMILY = "1,2";
			};
			name = Debug;
		};
		E284AFFC1DE50A2D0058C4BA /* Release */ = {
			isa = XCBuildConfiguration;
			buildSettings = {
				ALWAYS_SEARCH_USER_PATHS = NO;
				CLANG_ANALYZER_NONNULL = YES;
				CLANG_CXX_LANGUAGE_STANDARD = "gnu++0x";
				CLANG_CXX_LIBRARY = "libc++";
				CLANG_ENABLE_MODULES = YES;
				CLANG_ENABLE_OBJC_ARC = YES;
				CLANG_WARN_BOOL_CONVERSION = YES;
				CLANG_WARN_CONSTANT_CONVERSION = YES;
				CLANG_WARN_DIRECT_OBJC_ISA_USAGE = YES_ERROR;
				CLANG_WARN_DOCUMENTATION_COMMENTS = YES;
				CLANG_WARN_EMPTY_BODY = YES;
				CLANG_WARN_ENUM_CONVERSION = YES;
				CLANG_WARN_INFINITE_RECURSION = YES;
				CLANG_WARN_INT_CONVERSION = YES;
				CLANG_WARN_OBJC_ROOT_CLASS = YES_ERROR;
				CLANG_WARN_SUSPICIOUS_MOVES = YES;
				CLANG_WARN_UNREACHABLE_CODE = YES;
				CLANG_WARN__DUPLICATE_METHOD_MATCH = YES;
				"CODE_SIGN_IDENTITY[sdk=iphoneos*]" = "iPhone Developer";
				COPY_PHASE_STRIP = NO;
				DEBUG_INFORMATION_FORMAT = "dwarf-with-dsym";
				ENABLE_NS_ASSERTIONS = NO;
				ENABLE_STRICT_OBJC_MSGSEND = YES;
				GCC_C_LANGUAGE_STANDARD = gnu99;
				GCC_NO_COMMON_BLOCKS = YES;
				GCC_WARN_64_TO_32_BIT_CONVERSION = YES;
				GCC_WARN_ABOUT_RETURN_TYPE = YES_ERROR;
				GCC_WARN_UNDECLARED_SELECTOR = YES;
				GCC_WARN_UNINITIALIZED_AUTOS = YES_AGGRESSIVE;
				GCC_WARN_UNUSED_FUNCTION = YES;
				GCC_WARN_UNUSED_VARIABLE = YES;
				IPHONEOS_DEPLOYMENT_TARGET = 10.1;
				MTL_ENABLE_DEBUG_INFO = NO;
				SDKROOT = iphoneos;
				SWIFT_OPTIMIZATION_LEVEL = "-Owholemodule";
				TARGETED_DEVICE_FAMILY = "1,2";
				VALIDATE_PRODUCT = YES;
			};
			name = Release;
		};
		E284AFFE1DE50A2D0058C4BA /* Debug */ = {
			isa = XCBuildConfiguration;
			buildSettings = {
				ASSETCATALOG_COMPILER_APPICON_NAME = AppIcon;
				INFOPLIST_FILE = Sample/Info.plist;
				LD_RUNPATH_SEARCH_PATHS = "$(inherited) @executable_path/Frameworks";
				PRODUCT_BUNDLE_IDENTIFIER = com.Erin.Sample;
				PRODUCT_NAME = "$(TARGET_NAME)";
				SWIFT_VERSION = 3.0;
			};
			name = Debug;
		};
		E284AFFF1DE50A2D0058C4BA /* Release */ = {
			isa = XCBuildConfiguration;
			buildSettings = {
				ASSETCATALOG_COMPILER_APPICON_NAME = AppIcon;
				INFOPLIST_FILE = Sample/Info.plist;
				LD_RUNPATH_SEARCH_PATHS = "$(inherited) @executable_path/Frameworks";
				PRODUCT_BUNDLE_IDENTIFIER = com.Erin.Sample;
				PRODUCT_NAME = "$(TARGET_NAME)";
				SWIFT_VERSION = 3.0;
			};
			name = Release;
		};
		E284B0011DE50A2D0058C4BA /* Debug */ = {
			isa = XCBuildConfiguration;
			buildSettings = {
				ALWAYS_EMBED_SWIFT_STANDARD_LIBRARIES = YES;
				BUNDLE_LOADER = "$(TEST_HOST)";
				INFOPLIST_FILE = SampleTests/Info.plist;
				LD_RUNPATH_SEARCH_PATHS = "$(inherited) @executable_path/Frameworks @loader_path/Frameworks";
				PRODUCT_BUNDLE_IDENTIFIER = com.Erin.SampleTests;
				PRODUCT_NAME = "$(TARGET_NAME)";
				SWIFT_VERSION = 3.0;
				TEST_HOST = "$(BUILT_PRODUCTS_DIR)/Sample.app/Sample";
			};
			name = Debug;
		};
		E284B0021DE50A2D0058C4BA /* Release */ = {
			isa = XCBuildConfiguration;
			buildSettings = {
				ALWAYS_EMBED_SWIFT_STANDARD_LIBRARIES = YES;
				BUNDLE_LOADER = "$(TEST_HOST)";
				INFOPLIST_FILE = SampleTests/Info.plist;
				LD_RUNPATH_SEARCH_PATHS = "$(inherited) @executable_path/Frameworks @loader_path/Frameworks";
				PRODUCT_BUNDLE_IDENTIFIER = com.Erin.SampleTests;
				PRODUCT_NAME = "$(TARGET_NAME)";
				SWIFT_VERSION = 3.0;
				TEST_HOST = "$(BUILT_PRODUCTS_DIR)/Sample.app/Sample";
			};
			name = Release;
		};
		E284B0041DE50A2D0058C4BA /* Debug */ = {
			isa = XCBuildConfiguration;
			buildSettings = {
				ALWAYS_EMBED_SWIFT_STANDARD_LIBRARIES = YES;
				INFOPLIST_FILE = SampleUITests/Info.plist;
				LD_RUNPATH_SEARCH_PATHS = "$(inherited) @executable_path/Frameworks @loader_path/Frameworks";
				PRODUCT_BUNDLE_IDENTIFIER = com.Erin.SampleUITests;
				PRODUCT_NAME = "$(TARGET_NAME)";
				SWIFT_VERSION = 3.0;
				TEST_TARGET_NAME = Sample;
			};
			name = Debug;
		};
		E284B0051DE50A2D0058C4BA /* Release */ = {
			isa = XCBuildConfiguration;
			buildSettings = {
				ALWAYS_EMBED_SWIFT_STANDARD_LIBRARIES = YES;
				INFOPLIST_FILE = SampleUITests/Info.plist;
				LD_RUNPATH_SEARCH_PATHS = "$(inherited) @executable_path/Frameworks @loader_path/Frameworks";
				PRODUCT_BUNDLE_IDENTIFIER = com.Erin.SampleUITests;
				PRODUCT_NAME = "$(TARGET_NAME)";
				SWIFT_VERSION = 3.0;
				TEST_TARGET_NAME = Sample;
			};
			name = Release;
		};
/* End XCBuildConfiguration section */

/* Begin XCConfigurationList section */
		E284AFD01DE50A2C0058C4BA /* Build configuration list for PBXProject "Sample" */ = {
			isa = XCConfigurationList;
			buildConfigurations = (
				E284AFFB1DE50A2D0058C4BA /* Debug */,
				E284AFFC1DE50A2D0058C4BA /* Release */,
			);
			defaultConfigurationIsVisible = 0;
			defaultConfigurationName = Release;
		};
		E284AFFD1DE50A2D0058C4BA /* Build configuration list for PBXNativeTarget "Sample" */ = {
			isa = XCConfigurationList;
			buildConfigurations = (
				E284AFFE1DE50A2D0058C4BA /* Debug */,
				E284AFFF1DE50A2D0058C4BA /* Release */,
			);
			defaultConfigurationIsVisible = 0;
		};
		E284B0001DE50A2D0058C4BA /* Build configuration list for PBXNativeTarget "SampleTests" */ = {
			isa = XCConfigurationList;
			buildConfigurations = (
				E284B0011DE50A2D0058C4BA /* Debug */,
				E284B0021DE50A2D0058C4BA /* Release */,
			);
			defaultConfigurationIsVisible = 0;
		};
		E284B0031DE50A2D0058C4BA /* Build configuration list for PBXNativeTarget "SampleUITests" */ = {
			isa = XCConfigurationList;
			buildConfigurations = (
				E284B0041DE50A2D0058C4BA /* Debug */,
				E284B0051DE50A2D0058C4BA /* Release */,
			);
			defaultConfigurationIsVisible = 0;
		};
/* End XCConfigurationList section */
	};
	rootObject = E284AFCD1DE50A2C0058C4BA /* Project object */;
}
